
Microsoft Visual Studio Solution File, Format Version 12.00
# Visual Studio Version 16
VisualStudioVersion = 16.0.30104.148
MinimumVisualStudioVersion = 10.0.40219.1
Project("{FAE04EC0-301F-11D3-BF4B-00C04F79EFBC}") = "TddWorkShop.StringCalculator", "TddWorkShop.StringCalculator\TddWorkShop.StringCalculator.csproj", "{04580118-99F4-43A7-9A1D-6555DC7D8296}"
EndProject
Project("{FAE04EC0-301F-11D3-BF4B-00C04F79EFBC}") = "TddWorkShop.StringCalculator.UnitTests", "TddWorkShop.StringCalculator.UnitTests\TddWorkShop.StringCalculator.UnitTests.csproj", "{D58BE757-E658-4CD3-8B94-EBB411B3D1AE}"
EndProject
Global
	GlobalSection(SolutionConfigurationPlatforms) = preSolution
		Debug|Any CPU = Debug|Any CPU
		Release|Any CPU = Release|Any CPU
	EndGlobalSection
	GlobalSection(ProjectConfigurationPlatforms) = postSolution
		{04580118-99F4-43A7-9A1D-6555DC7D8296}.Debug|Any CPU.ActiveCfg = Debug|Any CPU
		{04580118-99F4-43A7-9A1D-6555DC7D8296}.Debug|Any CPU.Build.0 = Debug|Any CPU
		{04580118-99F4-43A7-9A1D-6555DC7D8296}.Release|Any CPU.ActiveCfg = Release|Any CPU
		{04580118-99F4-43A7-9A1D-6555DC7D8296}.Release|Any CPU.Build.0 = Release|Any CPU
		{D58BE757-E658-4CD3-8B94-EBB411B3D1AE}.Debug|Any CPU.ActiveCfg = Debug|Any CPU
		{D58BE757-E658-4CD3-8B94-EBB411B3D1AE}.Debug|Any CPU.Build.0 = Debug|Any CPU
		{D58BE757-E658-4CD3-8B94-EBB411B3D1AE}.Release|Any CPU.ActiveCfg = Release|Any CPU
		{D58BE757-E658-4CD3-8B94-EBB411B3D1AE}.Release|Any CPU.Build.0 = Release|Any CPU
	EndGlobalSection
	GlobalSection(SolutionProperties) = preSolution
		HideSolutionNode = FALSE
	EndGlobalSection
	GlobalSection(ExtensibilityGlobals) = postSolution
		SolutionGuid = {7EB62AE7-F8FD-4DD2-B188-1EDB08272D42}
	EndGlobalSection
EndGlobal
